
Microsoft Visual Studio Solution File, Format Version 12.00
# Visual Studio Version 16
VisualStudioVersion = 16.0.30413.136
MinimumVisualStudioVersion = 10.0.40219.1
Project("{FAE04EC0-301F-11D3-BF4B-00C04F79EFBC}") = "PromotionEngine", "PromotionEngine.csproj", "{2AF79618-B237-4904-9019-610FF0BE28F8}"
EndProject
Project("{FAE04EC0-301F-11D3-BF4B-00C04F79EFBC}") = "PromotionEngine.Models", "BusinessLibraries\PromotionEngine.Models\PromotionEngine.Models.csproj", "{5C22D41A-D150-4999-A9CB-AAED458BEA86}"
EndProject
Global
	GlobalSection(SolutionConfigurationPlatforms) = preSolution
		Debug|Any CPU = Debug|Any CPU
		Release|Any CPU = Release|Any CPU
	EndGlobalSection
	GlobalSection(ProjectConfigurationPlatforms) = postSolution
		{2AF79618-B237-4904-9019-610FF0BE28F8}.Debug|Any CPU.ActiveCfg = Debug|Any CPU
		{2AF79618-B237-4904-9019-610FF0BE28F8}.Debug|Any CPU.Build.0 = Debug|Any CPU
		{2AF79618-B237-4904-9019-610FF0BE28F8}.Release|Any CPU.ActiveCfg = Release|Any CPU
		{2AF79618-B237-4904-9019-610FF0BE28F8}.Release|Any CPU.Build.0 = Release|Any CPU
		{5C22D41A-D150-4999-A9CB-AAED458BEA86}.Debug|Any CPU.ActiveCfg = Debug|Any CPU
		{5C22D41A-D150-4999-A9CB-AAED458BEA86}.Debug|Any CPU.Build.0 = Debug|Any CPU
		{5C22D41A-D150-4999-A9CB-AAED458BEA86}.Release|Any CPU.ActiveCfg = Release|Any CPU
		{5C22D41A-D150-4999-A9CB-AAED458BEA86}.Release|Any CPU.Build.0 = Release|Any CPU
	EndGlobalSection
	GlobalSection(SolutionProperties) = preSolution
		HideSolutionNode = FALSE
	EndGlobalSection
	GlobalSection(ExtensibilityGlobals) = postSolution
		SolutionGuid = {33984938-532C-41C6-8490-EB1C1FF63947}
	EndGlobalSection
EndGlobal
